{
  "nodes": {
    "agenix": {
      "inputs": {
        "agenix": "agenix_2",
        "crane": "crane",
        "flake-utils": "flake-utils",
        "nixpkgs": [
          "nixpkgs"
        ],
        "rust-overlay": "rust-overlay"
      },
      "locked": {
        "lastModified": 1744897914,
        "narHash": "sha256-GIVU92o2TZBnKQXTb76zpQbWR4zjU2rFqWKNIIpXnqA=",
        "owner": "yaxitech",
        "repo": "ragenix",
        "rev": "40f2e17ecaeab4d78ec323e96a04548c0aaa5223",
        "type": "github"
      },
      "original": {
        "owner": "yaxitech",
        "repo": "ragenix",
        "type": "github"
      }
    },
    "agenix_2": {
      "inputs": {
        "darwin": "darwin",
        "home-manager": "home-manager",
        "nixpkgs": [
          "agenix",
          "nixpkgs"
        ],
        "systems": "systems"
      },
      "locked": {
        "lastModified": 1736955230,
        "narHash": "sha256-uenf8fv2eG5bKM8C/UvFaiJMZ4IpUFaQxk9OH5t/1gA=",
        "owner": "ryantm",
        "repo": "agenix",
        "rev": "e600439ec4c273cf11e06fe4d9d906fb98fa097c",
        "type": "github"
      },
      "original": {
        "owner": "ryantm",
        "repo": "agenix",
        "type": "github"
      }
    },
    "catppuccin": {
      "inputs": {
        "nixpkgs": "nixpkgs"
      },
      "locked": {
        "lastModified": 1760009352,
        "narHash": "sha256-VGR+U4hZ1q3RU4rTF9H9mlbN2q0IDkCLLMBoyrovRIA=",
        "owner": "catppuccin",
        "repo": "nix",
        "rev": "c8d5931c4f69d6a019a3945663f7cb7a7ab484e7",
        "type": "github"
      },
      "original": {
        "owner": "catppuccin",
        "repo": "nix",
        "type": "github"
      }
    },
    "crane": {
      "locked": {
        "lastModified": 1741481578,
        "narHash": "sha256-JBTSyJFQdO3V8cgcL08VaBUByEU6P5kXbTJN6R0PFQo=",
        "owner": "ipetkov",
        "repo": "crane",
        "rev": "bb1c9567c43e4434f54e9481eb4b8e8e0d50f0b5",
        "type": "github"
      },
      "original": {
        "owner": "ipetkov",
        "repo": "crane",
        "type": "github"
      }
    },
    "dankMaterialShell": {
      "inputs": {
        "dgop": "dgop",
        "dms-cli": "dms-cli",
        "nixpkgs": [
          "nixpkgs"
        ],
        "quickshell": "quickshell"
      },
      "locked": {
        "lastModified": 1760069149,
        "narHash": "sha256-c+2v6Iyp5El08Je3P9NYctpbpO6HmMn+9qKe/iOHDGo=",
        "owner": "AvengeMedia",
        "repo": "DankMaterialShell",
        "rev": "27885c8ac33a3f91ef2152565b318df089fe0fbe",
        "type": "github"
      },
      "original": {
        "owner": "AvengeMedia",
        "repo": "DankMaterialShell",
        "type": "github"
      }
    },
    "darwin": {
      "inputs": {
        "nixpkgs": [
          "agenix",
          "agenix",
          "nixpkgs"
        ]
      },
      "locked": {
        "lastModified": 1700795494,
        "narHash": "sha256-gzGLZSiOhf155FW7262kdHo2YDeugp3VuIFb4/GGng0=",
        "owner": "lnl7",
        "repo": "nix-darwin",
        "rev": "4b9b83d5a92e8c1fbfd8eb27eda375908c11ec4d",
        "type": "github"
      },
      "original": {
        "owner": "lnl7",
        "ref": "master",
        "repo": "nix-darwin",
        "type": "github"
      }
    },
    "dgop": {
      "inputs": {
        "nixpkgs": [
          "dankMaterialShell",
          "nixpkgs"
        ]
      },
      "locked": {
        "lastModified": 1759769087,
        "narHash": "sha256-b4dEAjvIfIkw2/C47aZGDnwhTBEjqptDo8J5PizeTCo=",
        "owner": "AvengeMedia",
        "repo": "dgop",
        "rev": "ad6ad285e8b882c41eb8994ef7c91e151afb9a97",
        "type": "github"
      },
      "original": {
        "owner": "AvengeMedia",
        "repo": "dgop",
        "type": "github"
      }
    },
    "dms-cli": {
      "inputs": {
        "nixpkgs": [
          "dankMaterialShell",
          "nixpkgs"
        ]
      },
      "locked": {
        "lastModified": 1759982027,
        "narHash": "sha256-4deRT98VwfZWZ685wIGevyYl3CzpuZJPjdjfulABH00=",
        "owner": "AvengeMedia",
        "repo": "danklinux",
        "rev": "5cdfeeae2e14089079dcb0d6b61f014ce754021f",
        "type": "github"
      },
      "original": {
        "owner": "AvengeMedia",
        "repo": "danklinux",
        "type": "github"
      }
    },
    "flake-utils": {
      "inputs": {
        "systems": "systems_2"
      },
      "locked": {
        "lastModified": 1731533236,
        "narHash": "sha256-l0KFg5HjrsfsO/JpG+r7fRrqm12kzFHyUHqHCVpMMbI=",
        "owner": "numtide",
        "repo": "flake-utils",
        "rev": "11707dc2f618dd54ca8739b309ec4fc024de578b",
        "type": "github"
      },
      "original": {
        "owner": "numtide",
        "repo": "flake-utils",
        "type": "github"
      }
    },
    "home-manager": {
      "inputs": {
        "nixpkgs": [
          "agenix",
          "agenix",
          "nixpkgs"
        ]
      },
      "locked": {
        "lastModified": 1703113217,
        "narHash": "sha256-7ulcXOk63TIT2lVDSExj7XzFx09LpdSAPtvgtM7yQPE=",
        "owner": "nix-community",
        "repo": "home-manager",
        "rev": "3bfaacf46133c037bb356193bd2f1765d9dc82c1",
        "type": "github"
      },
      "original": {
        "owner": "nix-community",
        "repo": "home-manager",
        "type": "github"
      }
    },
    "home-manager_2": {
      "inputs": {
        "nixpkgs": [
          "nixpkgs"
        ]
      },
      "locked": {
        "lastModified": 1760061988,
        "narHash": "sha256-CeuMo7fjWm3XaoK+b1PGyaVIlE1GHudoxk9jrJFvfbY=",
        "owner": "nix-community",
        "repo": "home-manager",
        "rev": "c7f4214faca2f196c551b767c12a70bfa0614510",
        "type": "github"
      },
      "original": {
        "owner": "nix-community",
        "repo": "home-manager",
        "type": "github"
      }
    },
    "home-manager_3": {
      "inputs": {
        "nixpkgs": [
          "zen-browser",
          "nixpkgs"
        ]
      },
      "locked": {
        "lastModified": 1752603129,
        "narHash": "sha256-S+wmHhwNQ5Ru689L2Gu8n1OD6s9eU9n9mD827JNR+kw=",
        "owner": "nix-community",
        "repo": "home-manager",
        "rev": "e8c19a3cec2814c754f031ab3ae7316b64da085b",
        "type": "github"
      },
      "original": {
        "owner": "nix-community",
        "repo": "home-manager",
        "type": "github"
      }
    },
    "my-nur": {
      "inputs": {
        "nixpkgs": [
          "nixpkgs"
        ]
      },
      "locked": {
        "lastModified": 1727667825,
        "narHash": "sha256-TKx+KYfJmYgFpbY9tyYESGWLGDUteHS7LA5C+p02HJs=",
        "owner": "InfiniteNightmare",
        "repo": "nur-packages",
        "rev": "b559cad60c89295ae504cee4052e7bbb500d424e",
        "type": "github"
      },
      "original": {
        "owner": "InfiniteNightmare",
        "repo": "nur-packages",
        "type": "github"
      }
    },
    "niri": {
      "inputs": {
        "niri-stable": "niri-stable",
        "niri-unstable": "niri-unstable",
        "nixpkgs": [
          "nixpkgs"
        ],
        "nixpkgs-stable": "nixpkgs-stable",
        "xwayland-satellite-stable": "xwayland-satellite-stable",
        "xwayland-satellite-unstable": "xwayland-satellite-unstable"
      },
      "locked": {
        "lastModified": 1759909257,
        "narHash": "sha256-ZGEBkK8ZQ370ifJO+1TOQ87m9Gmj52uzqcqysd/lolI=",
        "owner": "sodiboo",
        "repo": "niri-flake",
        "rev": "0d12957ebc8e272e3fc3830549edbb1ad63c34d4",
        "type": "github"
      },
      "original": {
        "owner": "sodiboo",
        "repo": "niri-flake",
        "type": "github"
      }
    },
    "niri-stable": {
      "flake": false,
      "locked": {
        "lastModified": 1756556321,
        "narHash": "sha256-RLD89dfjN0RVO86C/Mot0T7aduCygPGaYbog566F0Qo=",
        "owner": "YaLTeR",
        "repo": "niri",
        "rev": "01be0e65f4eb91a9cd624ac0b76aaeab765c7294",
        "type": "github"
      },
      "original": {
        "owner": "YaLTeR",
        "ref": "v25.08",
        "repo": "niri",
        "type": "github"
      }
    },
    "niri-unstable": {
      "flake": false,
      "locked": {
        "lastModified": 1759395653,
        "narHash": "sha256-sv9J1z6CrTPf9lRJLyCN90fZVdQz7LFeX7pIlInH8BQ=",
        "owner": "YaLTeR",
        "repo": "niri",
        "rev": "ba6e5e082a79901dc89b0d49c5da1b769d652aec",
        "type": "github"
      },
      "original": {
        "owner": "YaLTeR",
        "repo": "niri",
        "type": "github"
      }
    },
    "nix-ld": {
      "inputs": {
        "nixpkgs": [
          "nixpkgs"
        ]
      },
      "locked": {
        "lastModified": 1759739024,
        "narHash": "sha256-cJmHXccjpUH0AQsFcts+OZ/lUzdeaxF7oMft0VQOnoA=",
        "owner": "Mic92",
        "repo": "nix-ld",
        "rev": "d4c51086457b3f4b631dfa26f2c982d1acd98374",
        "type": "github"
      },
      "original": {
        "owner": "Mic92",
        "repo": "nix-ld",
        "type": "github"
      }
    },
    "nixos-hardware": {
      "locked": {
        "lastModified": 1760053573,
        "narHash": "sha256-KwyyrQAdX1wD9HVhxotGxbSNdrVm4RGxAkbMKP6uSvE=",
        "owner": "NixOS",
        "repo": "nixos-hardware",
        "rev": "d232c6f9ccad3af6d1b66f7feccece66f9aec61a",
        "type": "github"
      },
      "original": {
        "owner": "NixOS",
        "ref": "master",
        "repo": "nixos-hardware",
        "type": "github"
      }
    },
    "nixpkgs": {
      "locked": {
        "lastModified": 1759381078,
        "narHash": "sha256-gTrEEp5gEspIcCOx9PD8kMaF1iEmfBcTbO0Jag2QhQs=",
        "owner": "NixOS",
        "repo": "nixpkgs",
        "rev": "7df7ff7d8e00218376575f0acdcc5d66741351ee",
        "type": "github"
      },
      "original": {
        "owner": "NixOS",
        "ref": "nixos-unstable",
        "repo": "nixpkgs",
        "type": "github"
      }
    },
    "nixpkgs-stable": {
      "locked": {
        "lastModified": 1759735786,
        "narHash": "sha256-a0+h02lyP2KwSNrZz4wLJTu9ikujNsTWIC874Bv7IJ0=",
        "owner": "NixOS",
        "repo": "nixpkgs",
        "rev": "20c4598c84a671783f741e02bf05cbfaf4907cff",
        "type": "github"
      },
      "original": {
        "owner": "NixOS",
        "ref": "nixos-25.05",
        "repo": "nixpkgs",
        "type": "github"
      }
    },
    "nixpkgs_2": {
      "locked": {
        "lastModified": 1759831965,
        "narHash": "sha256-vgPm2xjOmKdZ0xKA6yLXPJpjOtQPHfaZDRtH+47XEBo=",
        "owner": "NixOS",
        "repo": "nixpkgs",
        "rev": "c9b6fb798541223bbb396d287d16f43520250518",
        "type": "github"
      },
      "original": {
        "owner": "NixOS",
        "ref": "nixos-unstable",
        "repo": "nixpkgs",
        "type": "github"
      }
    },
    "quickshell": {
      "inputs": {
        "nixpkgs": [
          "dankMaterialShell",
          "nixpkgs"
        ]
      },
      "locked": {
        "lastModified": 1759610621,
        "narHash": "sha256-P3UPFd95mS/3aNgy40nCXAmyfR2bEEBd+tX6xfkYFb0=",
        "ref": "refs/heads/master",
        "rev": "c5c438f1cd1a76660a8658ef929a3d19e968e2ce",
        "revCount": 689,
        "type": "git",
        "url": "https://git.outfoxxed.me/quickshell/quickshell"
      },
      "original": {
        "type": "git",
        "url": "https://git.outfoxxed.me/quickshell/quickshell"
      }
    },
    "root": {
      "inputs": {
        "agenix": "agenix",
        "catppuccin": "catppuccin",
        "dankMaterialShell": "dankMaterialShell",
        "home-manager": "home-manager_2",
        "my-nur": "my-nur",
        "niri": "niri",
        "nix-ld": "nix-ld",
        "nixos-hardware": "nixos-hardware",
        "nixpkgs": "nixpkgs_2",
        "zen-browser": "zen-browser"
      }
    },
    "rust-overlay": {
      "inputs": {
        "nixpkgs": [
          "agenix",
          "nixpkgs"
        ]
      },
      "locked": {
        "lastModified": 1741400194,
        "narHash": "sha256-tEpgT+q5KlGjHSm8MnINgTPErEl8YDzX3Eps8PVc09g=",
        "owner": "oxalica",
        "repo": "rust-overlay",
        "rev": "16b6045a232fea0e9e4c69e55a6e269607dd8e3f",
        "type": "github"
      },
      "original": {
        "owner": "oxalica",
        "repo": "rust-overlay",
        "type": "github"
      }
    },
    "systems": {
      "locked": {
        "lastModified": 1681028828,
        "narHash": "sha256-Vy1rq5AaRuLzOxct8nz4T6wlgyUR7zLU309k9mBC768=",
        "owner": "nix-systems",
        "repo": "default",
        "rev": "da67096a3b9bf56a91d16901293e51ba5b49a27e",
        "type": "github"
      },
      "original": {
        "owner": "nix-systems",
        "repo": "default",
        "type": "github"
      }
    },
    "systems_2": {
      "locked": {
        "lastModified": 1681028828,
        "narHash": "sha256-Vy1rq5AaRuLzOxct8nz4T6wlgyUR7zLU309k9mBC768=",
        "owner": "nix-systems",
        "repo": "default",
        "rev": "da67096a3b9bf56a91d16901293e51ba5b49a27e",
        "type": "github"
      },
      "original": {
        "owner": "nix-systems",
        "repo": "default",
        "type": "github"
      }
    },
    "xwayland-satellite-stable": {
      "flake": false,
      "locked": {
        "lastModified": 1755491097,
        "narHash": "sha256-m+9tUfsmBeF2Gn4HWa6vSITZ4Gz1eA1F5Kh62B0N4oE=",
        "owner": "Supreeeme",
        "repo": "xwayland-satellite",
        "rev": "388d291e82ffbc73be18169d39470f340707edaa",
        "type": "github"
      },
      "original": {
        "owner": "Supreeeme",
        "ref": "v0.7",
        "repo": "xwayland-satellite",
        "type": "github"
      }
    },
    "xwayland-satellite-unstable": {
      "flake": false,
      "locked": {
        "lastModified": 1759707084,
        "narHash": "sha256-0pkftKs6/LReNvxw7DVTN2AJEheZVgyeK0Aarbagi70=",
        "owner": "Supreeeme",
        "repo": "xwayland-satellite",
        "rev": "a9188e70bd748118b4d56a529871b9de5adb9988",
        "type": "github"
      },
      "original": {
        "owner": "Supreeeme",
        "repo": "xwayland-satellite",
        "type": "github"
      }
    },
    "zen-browser": {
      "inputs": {
        "home-manager": "home-manager_3",
        "nixpkgs": [
          "nixpkgs"
        ]
      },
      "locked": {
        "lastModified": 1759965431,
        "narHash": "sha256-HvXr+rOkSZeseOYCruuMKMAUedcDkHOuYpFbnlIPs8Y=",
        "owner": "0xc000022070",
        "repo": "zen-browser-flake",
        "rev": "391a133511ad7e09651b9c3939d8cf8d379766b1",
        "type": "github"
      },
      "original": {
        "owner": "0xc000022070",
        "repo": "zen-browser-flake",
        "type": "github"
      }
    }
  },
  "root": "root",
  "version": 7
}
